
Microsoft Visual Studio Solution File, Format Version 12.00
# Visual Studio Version 16
VisualStudioVersion = 16.0.31624.102
MinimumVisualStudioVersion = 10.0.40219.1
Project("{FAE04EC0-301F-11D3-BF4B-00C04F79EFBC}") = "math", "math\math.csproj", "{DFFDC225-B732-499E-A65A-DF656658156D}"
EndProject
Global
	GlobalSection(SolutionConfigurationPlatforms) = preSolution
		Debug|Any CPU = Debug|Any CPU
		Release|Any CPU = Release|Any CPU
	EndGlobalSection
	GlobalSection(ProjectConfigurationPlatforms) = postSolution
		{DFFDC225-B732-499E-A65A-DF656658156D}.Debug|Any CPU.ActiveCfg = Debug|Any CPU
		{DFFDC225-B732-499E-A65A-DF656658156D}.Debug|Any CPU.Build.0 = Debug|Any CPU
		{DFFDC225-B732-499E-A65A-DF656658156D}.Release|Any CPU.ActiveCfg = Release|Any CPU
		{DFFDC225-B732-499E-A65A-DF656658156D}.Release|Any CPU.Build.0 = Release|Any CPU
	EndGlobalSection
	GlobalSection(SolutionProperties) = preSolution
		HideSolutionNode = FALSE
	EndGlobalSection
	GlobalSection(ExtensibilityGlobals) = postSolution
		SolutionGuid = {1EC7F368-3E7D-4ADA-AD5E-C32022BF3029}
	EndGlobalSection
EndGlobal
