
Microsoft Visual Studio Solution File, Format Version 12.00
# Visual Studio Version 16
VisualStudioVersion = 16.0.31624.102
MinimumVisualStudioVersion = 10.0.40219.1
Project("{FAE04EC0-301F-11D3-BF4B-00C04F79EFBC}") = "2.2", "2.2\2.2.csproj", "{0DFA5282-D946-410F-8140-0DAA756722B0}"
EndProject
Global
	GlobalSection(SolutionConfigurationPlatforms) = preSolution
		Debug|Any CPU = Debug|Any CPU
		Release|Any CPU = Release|Any CPU
	EndGlobalSection
	GlobalSection(ProjectConfigurationPlatforms) = postSolution
		{0DFA5282-D946-410F-8140-0DAA756722B0}.Debug|Any CPU.ActiveCfg = Debug|Any CPU
		{0DFA5282-D946-410F-8140-0DAA756722B0}.Debug|Any CPU.Build.0 = Debug|Any CPU
		{0DFA5282-D946-410F-8140-0DAA756722B0}.Release|Any CPU.ActiveCfg = Release|Any CPU
		{0DFA5282-D946-410F-8140-0DAA756722B0}.Release|Any CPU.Build.0 = Release|Any CPU
	EndGlobalSection
	GlobalSection(SolutionProperties) = preSolution
		HideSolutionNode = FALSE
	EndGlobalSection
	GlobalSection(ExtensibilityGlobals) = postSolution
		SolutionGuid = {693132CC-632B-47A9-A0A9-58713B41186F}
	EndGlobalSection
EndGlobal
